
Microsoft Visual Studio Solution File, Format Version 12.00
# Visual Studio Version 16
VisualStudioVersion = 16.0.30907.101
MinimumVisualStudioVersion = 10.0.40219.1
Project("{E24C65DC-7377-472B-9ABA-BC803B73C61A}") = "broadcast-channel-api-simple-example", "broadcast-channel-api-simple-example\", "{2825E9D8-8128-4204-A7E0-42326BF203B3}"
	ProjectSection(WebsiteProperties) = preProject
		TargetFrameworkMoniker = ".NETFramework,Version%3Dv4.0"
		Debug.AspNetCompiler.VirtualPath = "/localhost_49334"
		Debug.AspNetCompiler.PhysicalPath = "..\..\..\Repos\CSharp\broadcast-channel-api-simple-example\broadcast-channel-api-simple-example\"
		Debug.AspNetCompiler.TargetPath = "PrecompiledWeb\localhost_49334\"
		Debug.AspNetCompiler.Updateable = "true"
		Debug.AspNetCompiler.ForceOverwrite = "true"
		Debug.AspNetCompiler.FixedNames = "false"
		Debug.AspNetCompiler.Debug = "True"
		Release.AspNetCompiler.VirtualPath = "/localhost_49334"
		Release.AspNetCompiler.PhysicalPath = "..\..\..\Repos\CSharp\broadcast-channel-api-simple-example\broadcast-channel-api-simple-example\"
		Release.AspNetCompiler.TargetPath = "PrecompiledWeb\localhost_49334\"
		Release.AspNetCompiler.Updateable = "true"
		Release.AspNetCompiler.ForceOverwrite = "true"
		Release.AspNetCompiler.FixedNames = "false"
		Release.AspNetCompiler.Debug = "False"
		VWDPort = "49334"
	EndProjectSection
EndProject
Global
	GlobalSection(SolutionConfigurationPlatforms) = preSolution
		Debug|Any CPU = Debug|Any CPU
	EndGlobalSection
	GlobalSection(ProjectConfigurationPlatforms) = postSolution
		{2825E9D8-8128-4204-A7E0-42326BF203B3}.Debug|Any CPU.ActiveCfg = Debug|Any CPU
		{2825E9D8-8128-4204-A7E0-42326BF203B3}.Debug|Any CPU.Build.0 = Debug|Any CPU
	EndGlobalSection
	GlobalSection(SolutionProperties) = preSolution
		HideSolutionNode = FALSE
	EndGlobalSection
	GlobalSection(ExtensibilityGlobals) = postSolution
		SolutionGuid = {08A52A7E-6651-40E0-A34C-BDD1B4C7DA66}
	EndGlobalSection
EndGlobal
